
Microsoft Visual Studio Solution File, Format Version 12.00
# Visual Studio Version 16
VisualStudioVersion = 16.0.30114.105
MinimumVisualStudioVersion = 10.0.40219.1
Project("{2150E333-8FDC-42A3-9474-1A3956D46DE8}") = "src", "src", "{FAD1E79C-7B11-42B9-92E6-71C158315993}"
EndProject
Project("{FAE04EC0-301F-11D3-BF4B-00C04F79EFBC}") = "HorseGame.ClueGenerator", "src\HorseGame.ClueGenerator\HorseGame.ClueGenerator.csproj", "{43ED8556-9CF9-480E-A6BC-AEC432D432A4}"
EndProject
Project("{FAE04EC0-301F-11D3-BF4B-00C04F79EFBC}") = "HorseGame.Generator", "src\HorseGame.Generator\HorseGame.Generator.csproj", "{5D947A0F-002A-4A20-A163-ADB8BA006F09}"
EndProject
Project("{FAE04EC0-301F-11D3-BF4B-00C04F79EFBC}") = "HorseGame.Player", "src\HorseGame.Player\HorseGame.Player.csproj", "{107C1334-6ECA-4F71-8BAD-0A5BDF7EDD1C}"
EndProject
Project("{FAE04EC0-301F-11D3-BF4B-00C04F79EFBC}") = "HorseGame.Shared", "src\HorseGame.Shared\HorseGame.Shared.csproj", "{9B6DE188-E113-4987-9B6C-6DC4F77859EB}"
EndProject
Global
	GlobalSection(SolutionConfigurationPlatforms) = preSolution
		Debug|Any CPU = Debug|Any CPU
		Release|Any CPU = Release|Any CPU
	EndGlobalSection
	GlobalSection(SolutionProperties) = preSolution
		HideSolutionNode = FALSE
	EndGlobalSection
	GlobalSection(ProjectConfigurationPlatforms) = postSolution
		{43ED8556-9CF9-480E-A6BC-AEC432D432A4}.Debug|Any CPU.ActiveCfg = Debug|Any CPU
		{43ED8556-9CF9-480E-A6BC-AEC432D432A4}.Debug|Any CPU.Build.0 = Debug|Any CPU
		{43ED8556-9CF9-480E-A6BC-AEC432D432A4}.Release|Any CPU.ActiveCfg = Release|Any CPU
		{43ED8556-9CF9-480E-A6BC-AEC432D432A4}.Release|Any CPU.Build.0 = Release|Any CPU
		{5D947A0F-002A-4A20-A163-ADB8BA006F09}.Debug|Any CPU.ActiveCfg = Debug|Any CPU
		{5D947A0F-002A-4A20-A163-ADB8BA006F09}.Debug|Any CPU.Build.0 = Debug|Any CPU
		{5D947A0F-002A-4A20-A163-ADB8BA006F09}.Release|Any CPU.ActiveCfg = Release|Any CPU
		{5D947A0F-002A-4A20-A163-ADB8BA006F09}.Release|Any CPU.Build.0 = Release|Any CPU
		{107C1334-6ECA-4F71-8BAD-0A5BDF7EDD1C}.Debug|Any CPU.ActiveCfg = Debug|Any CPU
		{107C1334-6ECA-4F71-8BAD-0A5BDF7EDD1C}.Debug|Any CPU.Build.0 = Debug|Any CPU
		{107C1334-6ECA-4F71-8BAD-0A5BDF7EDD1C}.Release|Any CPU.ActiveCfg = Release|Any CPU
		{107C1334-6ECA-4F71-8BAD-0A5BDF7EDD1C}.Release|Any CPU.Build.0 = Release|Any CPU
		{9B6DE188-E113-4987-9B6C-6DC4F77859EB}.Debug|Any CPU.ActiveCfg = Debug|Any CPU
		{9B6DE188-E113-4987-9B6C-6DC4F77859EB}.Debug|Any CPU.Build.0 = Debug|Any CPU
		{9B6DE188-E113-4987-9B6C-6DC4F77859EB}.Release|Any CPU.ActiveCfg = Release|Any CPU
		{9B6DE188-E113-4987-9B6C-6DC4F77859EB}.Release|Any CPU.Build.0 = Release|Any CPU
	EndGlobalSection
	GlobalSection(NestedProjects) = preSolution
		{43ED8556-9CF9-480E-A6BC-AEC432D432A4} = {FAD1E79C-7B11-42B9-92E6-71C158315993}
		{5D947A0F-002A-4A20-A163-ADB8BA006F09} = {FAD1E79C-7B11-42B9-92E6-71C158315993}
		{107C1334-6ECA-4F71-8BAD-0A5BDF7EDD1C} = {FAD1E79C-7B11-42B9-92E6-71C158315993}
		{9B6DE188-E113-4987-9B6C-6DC4F77859EB} = {FAD1E79C-7B11-42B9-92E6-71C158315993}
	EndGlobalSection
EndGlobal
