Microsoft Visual Studio Solution File, Format Version 12.00
# Visual Studio Version 17
VisualStudioVersion = 17.5.2.0
MinimumVisualStudioVersion = 10.0.40219.1
Project("{FAE04EC0-301F-11D3-BF4B-00C04F79EFBC}") = "HorseGame.ClueGenerator", "HorseGame.ClueGenerator\HorseGame.ClueGenerator.csproj", "{6371D7B2-835D-D8F3-3F22-3C824FC72AC4}"
EndProject
Project("{FAE04EC0-301F-11D3-BF4B-00C04F79EFBC}") = "HorseGame.Shared", "HorseGame.Shared\HorseGame.Shared.csproj", "{67D18604-BB8B-600C-0563-BB71D5673186}"
EndProject
Project("{FAE04EC0-301F-11D3-BF4B-00C04F79EFBC}") = "HorseGame.Generator", "HorseGame.Generator\HorseGame.Generator.csproj", "{3D756063-39DF-ACBE-8C3E-403A84E1FDC8}"
EndProject
Project("{FAE04EC0-301F-11D3-BF4B-00C04F79EFBC}") = "HorseGame.Player", "HorseGame.Player\HorseGame.Player.csproj", "{D7041AEE-B045-9B29-E501-FC2D7F8D07EA}"
EndProject
Global
	GlobalSection(SolutionConfigurationPlatforms) = preSolution
		Debug|Any CPU = Debug|Any CPU
		Release|Any CPU = Release|Any CPU
	EndGlobalSection
	GlobalSection(ProjectConfigurationPlatforms) = postSolution
		{6371D7B2-835D-D8F3-3F22-3C824FC72AC4}.Debug|Any CPU.ActiveCfg = Debug|Any CPU
		{6371D7B2-835D-D8F3-3F22-3C824FC72AC4}.Debug|Any CPU.Build.0 = Debug|Any CPU
		{6371D7B2-835D-D8F3-3F22-3C824FC72AC4}.Release|Any CPU.ActiveCfg = Release|Any CPU
		{6371D7B2-835D-D8F3-3F22-3C824FC72AC4}.Release|Any CPU.Build.0 = Release|Any CPU
		{67D18604-BB8B-600C-0563-BB71D5673186}.Debug|Any CPU.ActiveCfg = Debug|Any CPU
		{67D18604-BB8B-600C-0563-BB71D5673186}.Debug|Any CPU.Build.0 = Debug|Any CPU
		{67D18604-BB8B-600C-0563-BB71D5673186}.Release|Any CPU.ActiveCfg = Release|Any CPU
		{67D18604-BB8B-600C-0563-BB71D5673186}.Release|Any CPU.Build.0 = Release|Any CPU
		{3D756063-39DF-ACBE-8C3E-403A84E1FDC8}.Debug|Any CPU.ActiveCfg = Debug|Any CPU
		{3D756063-39DF-ACBE-8C3E-403A84E1FDC8}.Debug|Any CPU.Build.0 = Debug|Any CPU
		{3D756063-39DF-ACBE-8C3E-403A84E1FDC8}.Release|Any CPU.ActiveCfg = Release|Any CPU
		{3D756063-39DF-ACBE-8C3E-403A84E1FDC8}.Release|Any CPU.Build.0 = Release|Any CPU
		{D7041AEE-B045-9B29-E501-FC2D7F8D07EA}.Debug|Any CPU.ActiveCfg = Debug|Any CPU
		{D7041AEE-B045-9B29-E501-FC2D7F8D07EA}.Debug|Any CPU.Build.0 = Debug|Any CPU
		{D7041AEE-B045-9B29-E501-FC2D7F8D07EA}.Release|Any CPU.ActiveCfg = Release|Any CPU
		{D7041AEE-B045-9B29-E501-FC2D7F8D07EA}.Release|Any CPU.Build.0 = Release|Any CPU
	EndGlobalSection
	GlobalSection(SolutionProperties) = preSolution
		HideSolutionNode = FALSE
	EndGlobalSection
	GlobalSection(ExtensibilityGlobals) = postSolution
		SolutionGuid = {AE427B1B-5758-47CE-A1B6-B1EC5C294BB3}
	EndGlobalSection
EndGlobal
